
Microsoft Visual Studio Solution File, Format Version 12.00
# Visual Studio Version 17
VisualStudioVersion = 17.0.32112.339
MinimumVisualStudioVersion = 10.0.40219.1
Project("{9A19103F-16F7-4668-BE54-9A1E7A4F7556}") = "cicdApp.Tests", "tests\cicdApp.Tests\cicdApp.Tests.csproj", "{10996CA4-B291-4DC3-B0E0-CE3983BBE0EF}"
EndProject
Project("{9A19103F-16F7-4668-BE54-9A1E7A4F7556}") = "cicdApp.PersonApi", "src\cicdApp.PersonApi\cicdApp.PersonApi.csproj", "{BEEACC9B-EDBF-42AB-9CA6-A7164F1B86B2}"
EndProject
Global
	GlobalSection(SolutionConfigurationPlatforms) = preSolution
		Debug|Any CPU = Debug|Any CPU
		Release|Any CPU = Release|Any CPU
	EndGlobalSection
	GlobalSection(ProjectConfigurationPlatforms) = postSolution
		{10996CA4-B291-4DC3-B0E0-CE3983BBE0EF}.Debug|Any CPU.ActiveCfg = Debug|Any CPU
		{10996CA4-B291-4DC3-B0E0-CE3983BBE0EF}.Debug|Any CPU.Build.0 = Debug|Any CPU
		{10996CA4-B291-4DC3-B0E0-CE3983BBE0EF}.Release|Any CPU.ActiveCfg = Release|Any CPU
		{10996CA4-B291-4DC3-B0E0-CE3983BBE0EF}.Release|Any CPU.Build.0 = Release|Any CPU
		{BEEACC9B-EDBF-42AB-9CA6-A7164F1B86B2}.Debug|Any CPU.ActiveCfg = Debug|Any CPU
		{BEEACC9B-EDBF-42AB-9CA6-A7164F1B86B2}.Debug|Any CPU.Build.0 = Debug|Any CPU
		{BEEACC9B-EDBF-42AB-9CA6-A7164F1B86B2}.Release|Any CPU.ActiveCfg = Release|Any CPU
		{BEEACC9B-EDBF-42AB-9CA6-A7164F1B86B2}.Release|Any CPU.Build.0 = Release|Any CPU
	EndGlobalSection
	GlobalSection(SolutionProperties) = preSolution
		HideSolutionNode = FALSE
	EndGlobalSection
	GlobalSection(ExtensibilityGlobals) = postSolution
		SolutionGuid = {B5B3A59F-CFBD-4FF0-A955-A19328282E44}
	EndGlobalSection
EndGlobal
